// !$*UTF8*$!
{
	archiveVersion = 1;
	classes = {
	};
	objectVersion = 56;
	objects = {

/* Begin PBXBuildFile section */
		462E5B6E2B0916950005AE2A /* PortfolioView.swift in Sources */ = {isa = PBXBuildFile; fileRef = 462E5B6D2B0916950005AE2A /* PortfolioView.swift */; };
		463FA69F2B081D4500E4ADC0 /* SearchBarView.swift in Sources */ = {isa = PBXBuildFile; fileRef = 463FA69E2B081D4400E4ADC0 /* SearchBarView.swift */; };
		463FA6A12B08252F00E4ADC0 /* UIApplication.swift in Sources */ = {isa = PBXBuildFile; fileRef = 463FA6A02B08252F00E4ADC0 /* UIApplication.swift */; };
		463FA6A32B083ACE00E4ADC0 /* StatisticModel.swift in Sources */ = {isa = PBXBuildFile; fileRef = 463FA6A22B083ACE00E4ADC0 /* StatisticModel.swift */; };
		463FA6A62B083C7900E4ADC0 /* StatisticView.swift in Sources */ = {isa = PBXBuildFile; fileRef = 463FA6A52B083C7900E4ADC0 /* StatisticView.swift */; };
		463FA6A82B08423900E4ADC0 /* HomeStatsView.swift in Sources */ = {isa = PBXBuildFile; fileRef = 463FA6A72B08423900E4ADC0 /* HomeStatsView.swift */; };
		463FA6AA2B084ACD00E4ADC0 /* MarketDataModel.swift in Sources */ = {isa = PBXBuildFile; fileRef = 463FA6A92B084ACD00E4ADC0 /* MarketDataModel.swift */; };
		463FA6AC2B084F7B00E4ADC0 /* MarketDataService.swift in Sources */ = {isa = PBXBuildFile; fileRef = 463FA6AB2B084F7B00E4ADC0 /* MarketDataService.swift */; };
		46ACBF3D2B03A8B4001886BC /* CryptoTrackerApp.swift in Sources */ = {isa = PBXBuildFile; fileRef = 46ACBF3C2B03A8B4001886BC /* CryptoTrackerApp.swift */; };
		46ACBF3F2B03A8B4001886BC /* ContentView.swift in Sources */ = {isa = PBXBuildFile; fileRef = 46ACBF3E2B03A8B4001886BC /* ContentView.swift */; };
		46ACBF442B03A8B5001886BC /* Preview Assets.xcassets in Resources */ = {isa = PBXBuildFile; fileRef = 46ACBF432B03A8B5001886BC /* Preview Assets.xcassets */; };
		46ACBF4B2B03AA21001886BC /* Assets.xcassets in Resources */ = {isa = PBXBuildFile; fileRef = 46ACBF4A2B03AA21001886BC /* Assets.xcassets */; };
		46ACBF4E2B03ABC9001886BC /* Color.swift in Sources */ = {isa = PBXBuildFile; fileRef = 46ACBF4D2B03ABC9001886BC /* Color.swift */; };
		46ACBF542B03B012001886BC /* HomeView.swift in Sources */ = {isa = PBXBuildFile; fileRef = 46ACBF532B03B012001886BC /* HomeView.swift */; };
		46ACBF582B03B2FD001886BC /* CircleButtonView.swift in Sources */ = {isa = PBXBuildFile; fileRef = 46ACBF572B03B2FD001886BC /* CircleButtonView.swift */; };
		46ACBF5A2B03BC67001886BC /* CircleButtonAnimationView.swift in Sources */ = {isa = PBXBuildFile; fileRef = 46ACBF592B03BC67001886BC /* CircleButtonAnimationView.swift */; };
		46BF723E2B064DFC00F82894 /* NetworkingManager.swift in Sources */ = {isa = PBXBuildFile; fileRef = 46BF723D2B064DFC00F82894 /* NetworkingManager.swift */; };
		46BF72412B065B0E00F82894 /* CoinImageView.swift in Sources */ = {isa = PBXBuildFile; fileRef = 46BF72402B065B0E00F82894 /* CoinImageView.swift */; };
		46BF72452B065B6100F82894 /* CoinImageViewModel.swift in Sources */ = {isa = PBXBuildFile; fileRef = 46BF72442B065B6100F82894 /* CoinImageViewModel.swift */; };
		46BF72472B065E3800F82894 /* CoinImageService.swift in Sources */ = {isa = PBXBuildFile; fileRef = 46BF72462B065E3800F82894 /* CoinImageService.swift */; };
		46BF72492B06B19E00F82894 /* LocalFileManager.swift in Sources */ = {isa = PBXBuildFile; fileRef = 46BF72482B06B19E00F82894 /* LocalFileManager.swift */; };
		46D1F8742B052FB100CECE42 /* CoinModel.swift in Sources */ = {isa = PBXBuildFile; fileRef = 46D1F8732B052FB100CECE42 /* CoinModel.swift */; };
		46D1F8762B053D3400CECE42 /* CoinRowView.swift in Sources */ = {isa = PBXBuildFile; fileRef = 46D1F8752B053D3400CECE42 /* CoinRowView.swift */; };
		46D1F8782B053DF900CECE42 /* PreviewProvider.swift in Sources */ = {isa = PBXBuildFile; fileRef = 46D1F8772B053DF900CECE42 /* PreviewProvider.swift */; };
		46D1F87A2B05442800CECE42 /* Double.swift in Sources */ = {isa = PBXBuildFile; fileRef = 46D1F8792B05442800CECE42 /* Double.swift */; };
		46D1F87C2B055B0300CECE42 /* HomeViewModel.swift in Sources */ = {isa = PBXBuildFile; fileRef = 46D1F87B2B055B0300CECE42 /* HomeViewModel.swift */; };
		46D1F87F2B056D4600CECE42 /* CoinDataService.swift in Sources */ = {isa = PBXBuildFile; fileRef = 46D1F87E2B056D4600CECE42 /* CoinDataService.swift */; };
/* End PBXBuildFile section */

/* Begin PBXFileReference section */
		462E5B6D2B0916950005AE2A /* PortfolioView.swift */ = {isa = PBXFileReference; lastKnownFileType = sourcecode.swift; path = PortfolioView.swift; sourceTree = "<group>"; };
		463FA69E2B081D4400E4ADC0 /* SearchBarView.swift */ = {isa = PBXFileReference; lastKnownFileType = sourcecode.swift; path = SearchBarView.swift; sourceTree = "<group>"; };
		463FA6A02B08252F00E4ADC0 /* UIApplication.swift */ = {isa = PBXFileReference; lastKnownFileType = sourcecode.swift; path = UIApplication.swift; sourceTree = "<group>"; };
		463FA6A22B083ACE00E4ADC0 /* StatisticModel.swift */ = {isa = PBXFileReference; lastKnownFileType = sourcecode.swift; path = StatisticModel.swift; sourceTree = "<group>"; };
		463FA6A52B083C7900E4ADC0 /* StatisticView.swift */ = {isa = PBXFileReference; lastKnownFileType = sourcecode.swift; path = StatisticView.swift; sourceTree = "<group>"; };
		463FA6A72B08423900E4ADC0 /* HomeStatsView.swift */ = {isa = PBXFileReference; lastKnownFileType = sourcecode.swift; path = HomeStatsView.swift; sourceTree = "<group>"; };
		463FA6A92B084ACD00E4ADC0 /* MarketDataModel.swift */ = {isa = PBXFileReference; lastKnownFileType = sourcecode.swift; path = MarketDataModel.swift; sourceTree = "<group>"; };
		463FA6AB2B084F7B00E4ADC0 /* MarketDataService.swift */ = {isa = PBXFileReference; lastKnownFileType = sourcecode.swift; path = MarketDataService.swift; sourceTree = "<group>"; };
		46ACBF392B03A8B4001886BC /* CryptoTracker.app */ = {isa = PBXFileReference; explicitFileType = wrapper.application; includeInIndex = 0; path = CryptoTracker.app; sourceTree = BUILT_PRODUCTS_DIR; };
		46ACBF3C2B03A8B4001886BC /* CryptoTrackerApp.swift */ = {isa = PBXFileReference; lastKnownFileType = sourcecode.swift; path = CryptoTrackerApp.swift; sourceTree = "<group>"; };
		46ACBF3E2B03A8B4001886BC /* ContentView.swift */ = {isa = PBXFileReference; lastKnownFileType = sourcecode.swift; path = ContentView.swift; sourceTree = "<group>"; };
		46ACBF432B03A8B5001886BC /* Preview Assets.xcassets */ = {isa = PBXFileReference; lastKnownFileType = folder.assetcatalog; path = "Preview Assets.xcassets"; sourceTree = "<group>"; };
		46ACBF4A2B03AA21001886BC /* Assets.xcassets */ = {isa = PBXFileReference; lastKnownFileType = folder.assetcatalog; name = Assets.xcassets; path = ../../../Downloads/Resources/Assets.xcassets; sourceTree = "<group>"; };
		46ACBF4D2B03ABC9001886BC /* Color.swift */ = {isa = PBXFileReference; lastKnownFileType = sourcecode.swift; path = Color.swift; sourceTree = "<group>"; };
		46ACBF532B03B012001886BC /* HomeView.swift */ = {isa = PBXFileReference; lastKnownFileType = sourcecode.swift; path = HomeView.swift; sourceTree = "<group>"; };
		46ACBF572B03B2FD001886BC /* CircleButtonView.swift */ = {isa = PBXFileReference; lastKnownFileType = sourcecode.swift; path = CircleButtonView.swift; sourceTree = "<group>"; };
		46ACBF592B03BC67001886BC /* CircleButtonAnimationView.swift */ = {isa = PBXFileReference; lastKnownFileType = sourcecode.swift; path = CircleButtonAnimationView.swift; sourceTree = "<group>"; };
		46BF723D2B064DFC00F82894 /* NetworkingManager.swift */ = {isa = PBXFileReference; lastKnownFileType = sourcecode.swift; path = NetworkingManager.swift; sourceTree = "<group>"; };
		46BF72402B065B0E00F82894 /* CoinImageView.swift */ = {isa = PBXFileReference; lastKnownFileType = sourcecode.swift; path = CoinImageView.swift; sourceTree = "<group>"; };
		46BF72442B065B6100F82894 /* CoinImageViewModel.swift */ = {isa = PBXFileReference; lastKnownFileType = sourcecode.swift; path = CoinImageViewModel.swift; sourceTree = "<group>"; };
		46BF72462B065E3800F82894 /* CoinImageService.swift */ = {isa = PBXFileReference; lastKnownFileType = sourcecode.swift; path = CoinImageService.swift; sourceTree = "<group>"; };
		46BF72482B06B19E00F82894 /* LocalFileManager.swift */ = {isa = PBXFileReference; lastKnownFileType = sourcecode.swift; path = LocalFileManager.swift; sourceTree = "<group>"; };
		46D1F8732B052FB100CECE42 /* CoinModel.swift */ = {isa = PBXFileReference; lastKnownFileType = sourcecode.swift; path = CoinModel.swift; sourceTree = "<group>"; };
		46D1F8752B053D3400CECE42 /* CoinRowView.swift */ = {isa = PBXFileReference; lastKnownFileType = sourcecode.swift; path = CoinRowView.swift; sourceTree = "<group>"; };
		46D1F8772B053DF900CECE42 /* PreviewProvider.swift */ = {isa = PBXFileReference; lastKnownFileType = sourcecode.swift; path = PreviewProvider.swift; sourceTree = "<group>"; };
		46D1F8792B05442800CECE42 /* Double.swift */ = {isa = PBXFileReference; lastKnownFileType = sourcecode.swift; path = Double.swift; sourceTree = "<group>"; };
		46D1F87B2B055B0300CECE42 /* HomeViewModel.swift */ = {isa = PBXFileReference; lastKnownFileType = sourcecode.swift; path = HomeViewModel.swift; sourceTree = "<group>"; };
		46D1F87E2B056D4600CECE42 /* CoinDataService.swift */ = {isa = PBXFileReference; lastKnownFileType = sourcecode.swift; path = CoinDataService.swift; sourceTree = "<group>"; };
/* End PBXFileReference section */

/* Begin PBXFrameworksBuildPhase section */
		46ACBF362B03A8B3001886BC /* Frameworks */ = {
			isa = PBXFrameworksBuildPhase;
			buildActionMask = 2147483647;
			files = (
			);
			runOnlyForDeploymentPostprocessing = 0;
		};
/* End PBXFrameworksBuildPhase section */

/* Begin PBXGroup section */
		463FA69D2B081D2A00E4ADC0 /* SearchBar */ = {
			isa = PBXGroup;
			children = (
				463FA69E2B081D4400E4ADC0 /* SearchBarView.swift */,
			);
			path = SearchBar;
			sourceTree = "<group>";
		};
		463FA6A42B083C4D00E4ADC0 /* Statistic */ = {
			isa = PBXGroup;
			children = (
				463FA6A52B083C7900E4ADC0 /* StatisticView.swift */,
			);
			path = Statistic;
			sourceTree = "<group>";
		};
		46ACBF302B03A8B3001886BC = {
			isa = PBXGroup;
			children = (
				46ACBF3B2B03A8B4001886BC /* CryptoTracker */,
				46ACBF3A2B03A8B4001886BC /* Products */,
			);
			sourceTree = "<group>";
		};
		46ACBF3A2B03A8B4001886BC /* Products */ = {
			isa = PBXGroup;
			children = (
				46ACBF392B03A8B4001886BC /* CryptoTracker.app */,
			);
			name = Products;
			sourceTree = "<group>";
		};
		46ACBF3B2B03A8B4001886BC /* CryptoTracker */ = {
			isa = PBXGroup;
			children = (
				46ACBF3C2B03A8B4001886BC /* CryptoTrackerApp.swift */,
				46ACBF4F2B03AF83001886BC /* Core */,
				46D1F8722B052F8C00CECE42 /* Models */,
				46D1F87D2B056D1600CECE42 /* Services */,
				46ACBF4C2B03ABB4001886BC /* Extensions */,
				46BF723C2B064D9400F82894 /* Utilities */,
				46ACBF3E2B03A8B4001886BC /* ContentView.swift */,
				46ACBF4A2B03AA21001886BC /* Assets.xcassets */,
				46ACBF422B03A8B5001886BC /* Preview Content */,
			);
			path = CryptoTracker;
			sourceTree = "<group>";
		};
		46ACBF422B03A8B5001886BC /* Preview Content */ = {
			isa = PBXGroup;
			children = (
				46ACBF432B03A8B5001886BC /* Preview Assets.xcassets */,
			);
			path = "Preview Content";
			sourceTree = "<group>";
		};
		46ACBF4C2B03ABB4001886BC /* Extensions */ = {
			isa = PBXGroup;
			children = (
				46ACBF4D2B03ABC9001886BC /* Color.swift */,
				46D1F8772B053DF900CECE42 /* PreviewProvider.swift */,
				46D1F8792B05442800CECE42 /* Double.swift */,
				463FA6A02B08252F00E4ADC0 /* UIApplication.swift */,
			);
			path = Extensions;
			sourceTree = "<group>";
		};
		46ACBF4F2B03AF83001886BC /* Core */ = {
			isa = PBXGroup;
			children = (
				46ACBF502B03AFE2001886BC /* Home */,
				46ACBF552B03B2BA001886BC /* Components */,
			);
			path = Core;
			sourceTree = "<group>";
		};
		46ACBF502B03AFE2001886BC /* Home */ = {
			isa = PBXGroup;
			children = (
				46ACBF512B03AFEA001886BC /* Views */,
				46ACBF522B03AFF0001886BC /* ViewModels */,
			);
			path = Home;
			sourceTree = "<group>";
		};
		46ACBF512B03AFEA001886BC /* Views */ = {
			isa = PBXGroup;
			children = (
				46ACBF532B03B012001886BC /* HomeView.swift */,
				463FA6A72B08423900E4ADC0 /* HomeStatsView.swift */,
				46D1F8752B053D3400CECE42 /* CoinRowView.swift */,
				462E5B6D2B0916950005AE2A /* PortfolioView.swift */,
			);
			path = Views;
			sourceTree = "<group>";
		};
		46ACBF522B03AFF0001886BC /* ViewModels */ = {
			isa = PBXGroup;
			children = (
				46D1F87B2B055B0300CECE42 /* HomeViewModel.swift */,
				46BF72442B065B6100F82894 /* CoinImageViewModel.swift */,
			);
			path = ViewModels;
			sourceTree = "<group>";
		};
		46ACBF552B03B2BA001886BC /* Components */ = {
			isa = PBXGroup;
			children = (
				46BF723F2B065B0100F82894 /* CoinImage */,
				46ACBF562B03B2ED001886BC /* CircleButton */,
				463FA69D2B081D2A00E4ADC0 /* SearchBar */,
				463FA6A42B083C4D00E4ADC0 /* Statistic */,
			);
			path = Components;
			sourceTree = "<group>";
		};
		46ACBF562B03B2ED001886BC /* CircleButton */ = {
			isa = PBXGroup;
			children = (
				46ACBF572B03B2FD001886BC /* CircleButtonView.swift */,
				46ACBF592B03BC67001886BC /* CircleButtonAnimationView.swift */,
			);
			path = CircleButton;
			sourceTree = "<group>";
		};
		46BF723C2B064D9400F82894 /* Utilities */ = {
			isa = PBXGroup;
			children = (
				46BF723D2B064DFC00F82894 /* NetworkingManager.swift */,
				46BF72482B06B19E00F82894 /* LocalFileManager.swift */,
			);
			path = Utilities;
			sourceTree = "<group>";
		};
		46BF723F2B065B0100F82894 /* CoinImage */ = {
			isa = PBXGroup;
			children = (
				46BF72402B065B0E00F82894 /* CoinImageView.swift */,
			);
			path = CoinImage;
			sourceTree = "<group>";
		};
		46D1F8722B052F8C00CECE42 /* Models */ = {
			isa = PBXGroup;
			children = (
				46D1F8732B052FB100CECE42 /* CoinModel.swift */,
				463FA6A22B083ACE00E4ADC0 /* StatisticModel.swift */,
				463FA6A92B084ACD00E4ADC0 /* MarketDataModel.swift */,
			);
			path = Models;
			sourceTree = "<group>";
		};
		46D1F87D2B056D1600CECE42 /* Services */ = {
			isa = PBXGroup;
			children = (
				46D1F87E2B056D4600CECE42 /* CoinDataService.swift */,
				46BF72462B065E3800F82894 /* CoinImageService.swift */,
				463FA6AB2B084F7B00E4ADC0 /* MarketDataService.swift */,
			);
			path = Services;
			sourceTree = "<group>";
		};
/* End PBXGroup section */

/* Begin PBXNativeTarget section */
		46ACBF382B03A8B3001886BC /* CryptoTracker */ = {
			isa = PBXNativeTarget;
			buildConfigurationList = 46ACBF472B03A8B5001886BC /* Build configuration list for PBXNativeTarget "CryptoTracker" */;
			buildPhases = (
				46ACBF352B03A8B3001886BC /* Sources */,
				46ACBF362B03A8B3001886BC /* Frameworks */,
				46ACBF372B03A8B3001886BC /* Resources */,
			);
			buildRules = (
			);
			dependencies = (
			);
			name = CryptoTracker;
			productName = CryptoTracker;
			productReference = 46ACBF392B03A8B4001886BC /* CryptoTracker.app */;
			productType = "com.apple.product-type.application";
		};
/* End PBXNativeTarget section */

/* Begin PBXProject section */
		46ACBF312B03A8B3001886BC /* Project object */ = {
			isa = PBXProject;
			attributes = {
				BuildIndependentTargetsInParallel = 1;
				LastSwiftUpdateCheck = 1500;
				LastUpgradeCheck = 1500;
				TargetAttributes = {
					46ACBF382B03A8B3001886BC = {
						CreatedOnToolsVersion = 15.0;
					};
				};
			};
			buildConfigurationList = 46ACBF342B03A8B3001886BC /* Build configuration list for PBXProject "CryptoTracker" */;
			compatibilityVersion = "Xcode 14.0";
			developmentRegion = en;
			hasScannedForEncodings = 0;
			knownRegions = (
				en,
				Base,
			);
			mainGroup = 46ACBF302B03A8B3001886BC;
			productRefGroup = 46ACBF3A2B03A8B4001886BC /* Products */;
			projectDirPath = "";
			projectRoot = "";
			targets = (
				46ACBF382B03A8B3001886BC /* CryptoTracker */,
			);
		};
/* End PBXProject section */

/* Begin PBXResourcesBuildPhase section */
		46ACBF372B03A8B3001886BC /* Resources */ = {
			isa = PBXResourcesBuildPhase;
			buildActionMask = 2147483647;
			files = (
				46ACBF442B03A8B5001886BC /* Preview Assets.xcassets in Resources */,
				46ACBF4B2B03AA21001886BC /* Assets.xcassets in Resources */,
			);
			runOnlyForDeploymentPostprocessing = 0;
		};
/* End PBXResourcesBuildPhase section */

/* Begin PBXSourcesBuildPhase section */
		46ACBF352B03A8B3001886BC /* Sources */ = {
			isa = PBXSourcesBuildPhase;
			buildActionMask = 2147483647;
			files = (
				463FA6A32B083ACE00E4ADC0 /* StatisticModel.swift in Sources */,
				46BF72452B065B6100F82894 /* CoinImageViewModel.swift in Sources */,
				46D1F87F2B056D4600CECE42 /* CoinDataService.swift in Sources */,
				46D1F8762B053D3400CECE42 /* CoinRowView.swift in Sources */,
				46D1F87C2B055B0300CECE42 /* HomeViewModel.swift in Sources */,
				46BF72492B06B19E00F82894 /* LocalFileManager.swift in Sources */,
				463FA6AA2B084ACD00E4ADC0 /* MarketDataModel.swift in Sources */,
				46ACBF3F2B03A8B4001886BC /* ContentView.swift in Sources */,
				463FA6A62B083C7900E4ADC0 /* StatisticView.swift in Sources */,
				46ACBF542B03B012001886BC /* HomeView.swift in Sources */,
				46BF72412B065B0E00F82894 /* CoinImageView.swift in Sources */,
				463FA6A12B08252F00E4ADC0 /* UIApplication.swift in Sources */,
				46ACBF3D2B03A8B4001886BC /* CryptoTrackerApp.swift in Sources */,
				46ACBF582B03B2FD001886BC /* CircleButtonView.swift in Sources */,
				463FA69F2B081D4500E4ADC0 /* SearchBarView.swift in Sources */,
				46ACBF4E2B03ABC9001886BC /* Color.swift in Sources */,
				463FA6A82B08423900E4ADC0 /* HomeStatsView.swift in Sources */,
				463FA6AC2B084F7B00E4ADC0 /* MarketDataService.swift in Sources */,
				46BF723E2B064DFC00F82894 /* NetworkingManager.swift in Sources */,
				46ACBF5A2B03BC67001886BC /* CircleButtonAnimationView.swift in Sources */,
				46D1F8782B053DF900CECE42 /* PreviewProvider.swift in Sources */,
				462E5B6E2B0916950005AE2A /* PortfolioView.swift in Sources */,
				46D1F87A2B05442800CECE42 /* Double.swift in Sources */,
				46BF72472B065E3800F82894 /* CoinImageService.swift in Sources */,
				46D1F8742B052FB100CECE42 /* CoinModel.swift in Sources */,
			);
			runOnlyForDeploymentPostprocessing = 0;
		};
/* End PBXSourcesBuildPhase section */

/* Begin XCBuildConfiguration section */
		46ACBF452B03A8B5001886BC /* Debug */ = {
			isa = XCBuildConfiguration;
			buildSettings = {
				ALWAYS_SEARCH_USER_PATHS = NO;
				ASSETCATALOG_COMPILER_GENERATE_SWIFT_ASSET_SYMBOL_EXTENSIONS = YES;
				CLANG_ANALYZER_NONNULL = YES;
				CLANG_ANALYZER_NUMBER_OBJECT_CONVERSION = YES_AGGRESSIVE;
				CLANG_CXX_LANGUAGE_STANDARD = "gnu++20";
				CLANG_ENABLE_MODULES = YES;
				CLANG_ENABLE_OBJC_ARC = YES;
				CLANG_ENABLE_OBJC_WEAK = YES;
				CLANG_WARN_BLOCK_CAPTURE_AUTORELEASING = YES;
				CLANG_WARN_BOOL_CONVERSION = YES;
				CLANG_WARN_COMMA = YES;
				CLANG_WARN_CONSTANT_CONVERSION = YES;
				CLANG_WARN_DEPRECATED_OBJC_IMPLEMENTATIONS = YES;
				CLANG_WARN_DIRECT_OBJC_ISA_USAGE = YES_ERROR;
				CLANG_WARN_DOCUMENTATION_COMMENTS = YES;
				CLANG_WARN_EMPTY_BODY = YES;
				CLANG_WARN_ENUM_CONVERSION = YES;
				CLANG_WARN_INFINITE_RECURSION = YES;
				CLANG_WARN_INT_CONVERSION = YES;
				CLANG_WARN_NON_LITERAL_NULL_CONVERSION = YES;
				CLANG_WARN_OBJC_IMPLICIT_RETAIN_SELF = YES;
				CLANG_WARN_OBJC_LITERAL_CONVERSION = YES;
				CLANG_WARN_OBJC_ROOT_CLASS = YES_ERROR;
				CLANG_WARN_QUOTED_INCLUDE_IN_FRAMEWORK_HEADER = YES;
				CLANG_WARN_RANGE_LOOP_ANALYSIS = YES;
				CLANG_WARN_STRICT_PROTOTYPES = YES;
				CLANG_WARN_SUSPICIOUS_MOVE = YES;
				CLANG_WARN_UNGUARDED_AVAILABILITY = YES_AGGRESSIVE;
				CLANG_WARN_UNREACHABLE_CODE = YES;
				CLANG_WARN__DUPLICATE_METHOD_MATCH = YES;
				COPY_PHASE_STRIP = NO;
				DEBUG_INFORMATION_FORMAT = dwarf;
				ENABLE_STRICT_OBJC_MSGSEND = YES;
				ENABLE_TESTABILITY = YES;
				ENABLE_USER_SCRIPT_SANDBOXING = YES;
				GCC_C_LANGUAGE_STANDARD = gnu17;
				GCC_DYNAMIC_NO_PIC = NO;
				GCC_NO_COMMON_BLOCKS = YES;
				GCC_OPTIMIZATION_LEVEL = 0;
				GCC_PREPROCESSOR_DEFINITIONS = (
					"DEBUG=1",
					"$(inherited)",
				);
				GCC_WARN_64_TO_32_BIT_CONVERSION = YES;
				GCC_WARN_ABOUT_RETURN_TYPE = YES_ERROR;
				GCC_WARN_UNDECLARED_SELECTOR = YES;
				GCC_WARN_UNINITIALIZED_AUTOS = YES_AGGRESSIVE;
				GCC_WARN_UNUSED_FUNCTION = YES;
				GCC_WARN_UNUSED_VARIABLE = YES;
				IPHONEOS_DEPLOYMENT_TARGET = 17.0;
				LOCALIZATION_PREFERS_STRING_CATALOGS = YES;
				MTL_ENABLE_DEBUG_INFO = INCLUDE_SOURCE;
				MTL_FAST_MATH = YES;
				ONLY_ACTIVE_ARCH = YES;
				SDKROOT = iphoneos;
				SWIFT_ACTIVE_COMPILATION_CONDITIONS = "DEBUG $(inherited)";
				SWIFT_OPTIMIZATION_LEVEL = "-Onone";
			};
			name = Debug;
		};
		46ACBF462B03A8B5001886BC /* Release */ = {
			isa = XCBuildConfiguration;
			buildSettings = {
				ALWAYS_SEARCH_USER_PATHS = NO;
				ASSETCATALOG_COMPILER_GENERATE_SWIFT_ASSET_SYMBOL_EXTENSIONS = YES;
				CLANG_ANALYZER_NONNULL = YES;
				CLANG_ANALYZER_NUMBER_OBJECT_CONVERSION = YES_AGGRESSIVE;
				CLANG_CXX_LANGUAGE_STANDARD = "gnu++20";
				CLANG_ENABLE_MODULES = YES;
				CLANG_ENABLE_OBJC_ARC = YES;
				CLANG_ENABLE_OBJC_WEAK = YES;
				CLANG_WARN_BLOCK_CAPTURE_AUTORELEASING = YES;
				CLANG_WARN_BOOL_CONVERSION = YES;
				CLANG_WARN_COMMA = YES;
				CLANG_WARN_CONSTANT_CONVERSION = YES;
				CLANG_WARN_DEPRECATED_OBJC_IMPLEMENTATIONS = YES;
				CLANG_WARN_DIRECT_OBJC_ISA_USAGE = YES_ERROR;
				CLANG_WARN_DOCUMENTATION_COMMENTS = YES;
				CLANG_WARN_EMPTY_BODY = YES;
				CLANG_WARN_ENUM_CONVERSION = YES;
				CLANG_WARN_INFINITE_RECURSION = YES;
				CLANG_WARN_INT_CONVERSION = YES;
				CLANG_WARN_NON_LITERAL_NULL_CONVERSION = YES;
				CLANG_WARN_OBJC_IMPLICIT_RETAIN_SELF = YES;
				CLANG_WARN_OBJC_LITERAL_CONVERSION = YES;
				CLANG_WARN_OBJC_ROOT_CLASS = YES_ERROR;
				CLANG_WARN_QUOTED_INCLUDE_IN_FRAMEWORK_HEADER = YES;
				CLANG_WARN_RANGE_LOOP_ANALYSIS = YES;
				CLANG_WARN_STRICT_PROTOTYPES = YES;
				CLANG_WARN_SUSPICIOUS_MOVE = YES;
				CLANG_WARN_UNGUARDED_AVAILABILITY = YES_AGGRESSIVE;
				CLANG_WARN_UNREACHABLE_CODE = YES;
				CLANG_WARN__DUPLICATE_METHOD_MATCH = YES;
				COPY_PHASE_STRIP = NO;
				DEBUG_INFORMATION_FORMAT = "dwarf-with-dsym";
				ENABLE_NS_ASSERTIONS = NO;
				ENABLE_STRICT_OBJC_MSGSEND = YES;
				ENABLE_USER_SCRIPT_SANDBOXING = YES;
				GCC_C_LANGUAGE_STANDARD = gnu17;
				GCC_NO_COMMON_BLOCKS = YES;
				GCC_WARN_64_TO_32_BIT_CONVERSION = YES;
				GCC_WARN_ABOUT_RETURN_TYPE = YES_ERROR;
				GCC_WARN_UNDECLARED_SELECTOR = YES;
				GCC_WARN_UNINITIALIZED_AUTOS = YES_AGGRESSIVE;
				GCC_WARN_UNUSED_FUNCTION = YES;
				GCC_WARN_UNUSED_VARIABLE = YES;
				IPHONEOS_DEPLOYMENT_TARGET = 17.0;
				LOCALIZATION_PREFERS_STRING_CATALOGS = YES;
				MTL_ENABLE_DEBUG_INFO = NO;
				MTL_FAST_MATH = YES;
				SDKROOT = iphoneos;
				SWIFT_COMPILATION_MODE = wholemodule;
				VALIDATE_PRODUCT = YES;
			};
			name = Release;
		};
		46ACBF482B03A8B5001886BC /* Debug */ = {
			isa = XCBuildConfiguration;
			buildSettings = {
				ASSETCATALOG_COMPILER_APPICON_NAME = AppIcon;
				ASSETCATALOG_COMPILER_GLOBAL_ACCENT_COLOR_NAME = AccentColor;
				CODE_SIGN_STYLE = Automatic;
				CURRENT_PROJECT_VERSION = 1;
				DEVELOPMENT_ASSET_PATHS = "\"CryptoTracker/Preview Content\"";
				DEVELOPMENT_TEAM = 3WX9FH8392;
				ENABLE_PREVIEWS = YES;
				GENERATE_INFOPLIST_FILE = YES;
				INFOPLIST_KEY_CFBundleDisplayName = "Crypto Tracker";
				INFOPLIST_KEY_UIApplicationSceneManifest_Generation = YES;
				INFOPLIST_KEY_UIApplicationSupportsIndirectInputEvents = YES;
				INFOPLIST_KEY_UILaunchScreen_Generation = YES;
				INFOPLIST_KEY_UISupportedInterfaceOrientations = UIInterfaceOrientationPortrait;
				LD_RUNPATH_SEARCH_PATHS = (
					"$(inherited)",
					"@executable_path/Frameworks",
				);
				MARKETING_VERSION = 1.0;
				PRODUCT_BUNDLE_IDENTIFIER = com.lucas.CryptoTracker;
				PRODUCT_NAME = "$(TARGET_NAME)";
				SUPPORTED_PLATFORMS = "iphoneos iphonesimulator";
				SUPPORTS_MACCATALYST = NO;
				SUPPORTS_MAC_DESIGNED_FOR_IPHONE_IPAD = NO;
				SWIFT_EMIT_LOC_STRINGS = YES;
				SWIFT_VERSION = 5.0;
				TARGETED_DEVICE_FAMILY = "1,2";
			};
			name = Debug;
		};
		46ACBF492B03A8B5001886BC /* Release */ = {
			isa = XCBuildConfiguration;
			buildSettings = {
				ASSETCATALOG_COMPILER_APPICON_NAME = AppIcon;
				ASSETCATALOG_COMPILER_GLOBAL_ACCENT_COLOR_NAME = AccentColor;
				CODE_SIGN_STYLE = Automatic;
				CURRENT_PROJECT_VERSION = 1;
				DEVELOPMENT_ASSET_PATHS = "\"CryptoTracker/Preview Content\"";
				DEVELOPMENT_TEAM = 3WX9FH8392;
				ENABLE_PREVIEWS = YES;
				GENERATE_INFOPLIST_FILE = YES;
				INFOPLIST_KEY_CFBundleDisplayName = "Crypto Tracker";
				INFOPLIST_KEY_UIApplicationSceneManifest_Generation = YES;
				INFOPLIST_KEY_UIApplicationSupportsIndirectInputEvents = YES;
				INFOPLIST_KEY_UILaunchScreen_Generation = YES;
				INFOPLIST_KEY_UISupportedInterfaceOrientations = UIInterfaceOrientationPortrait;
				LD_RUNPATH_SEARCH_PATHS = (
					"$(inherited)",
					"@executable_path/Frameworks",
				);
				MARKETING_VERSION = 1.0;
				PRODUCT_BUNDLE_IDENTIFIER = com.lucas.CryptoTracker;
				PRODUCT_NAME = "$(TARGET_NAME)";
				SUPPORTED_PLATFORMS = "iphoneos iphonesimulator";
				SUPPORTS_MACCATALYST = NO;
				SUPPORTS_MAC_DESIGNED_FOR_IPHONE_IPAD = NO;
				SWIFT_EMIT_LOC_STRINGS = YES;
				SWIFT_VERSION = 5.0;
				TARGETED_DEVICE_FAMILY = "1,2";
			};
			name = Release;
		};
/* End XCBuildConfiguration section */

/* Begin XCConfigurationList section */
		46ACBF342B03A8B3001886BC /* Build configuration list for PBXProject "CryptoTracker" */ = {
			isa = XCConfigurationList;
			buildConfigurations = (
				46ACBF452B03A8B5001886BC /* Debug */,
				46ACBF462B03A8B5001886BC /* Release */,
			);
			defaultConfigurationIsVisible = 0;
			defaultConfigurationName = Release;
		};
		46ACBF472B03A8B5001886BC /* Build configuration list for PBXNativeTarget "CryptoTracker" */ = {
			isa = XCConfigurationList;
			buildConfigurations = (
				46ACBF482B03A8B5001886BC /* Debug */,
				46ACBF492B03A8B5001886BC /* Release */,
			);
			defaultConfigurationIsVisible = 0;
			defaultConfigurationName = Release;
		};
/* End XCConfigurationList section */
	};
	rootObject = 46ACBF312B03A8B3001886BC /* Project object */;
}
